
Microsoft Visual Studio Solution File, Format Version 12.00
# Visual Studio Version 17
VisualStudioVersion = 17.11.35327.3
MinimumVisualStudioVersion = 10.0.40219.1
Project("{FAE04EC0-301F-11D3-BF4B-00C04F79EFBC}") = "Modul8Unite1", "Modul8Unite1\Modul8Unite1.csproj", "{62D185EA-AE65-45F6-AA89-9A9945D4555E}"
EndProject
Global
	GlobalSection(SolutionConfigurationPlatforms) = preSolution
		Debug|Any CPU = Debug|Any CPU
		Release|Any CPU = Release|Any CPU
	EndGlobalSection
	GlobalSection(ProjectConfigurationPlatforms) = postSolution
		{62D185EA-AE65-45F6-AA89-9A9945D4555E}.Debug|Any CPU.ActiveCfg = Debug|Any CPU
		{62D185EA-AE65-45F6-AA89-9A9945D4555E}.Debug|Any CPU.Build.0 = Debug|Any CPU
		{62D185EA-AE65-45F6-AA89-9A9945D4555E}.Release|Any CPU.ActiveCfg = Release|Any CPU
		{62D185EA-AE65-45F6-AA89-9A9945D4555E}.Release|Any CPU.Build.0 = Release|Any CPU
	EndGlobalSection
	GlobalSection(SolutionProperties) = preSolution
		HideSolutionNode = FALSE
	EndGlobalSection
	GlobalSection(ExtensibilityGlobals) = postSolution
		SolutionGuid = {1607579A-9EDD-4017-BB23-1BD5342CCE77}
	EndGlobalSection
EndGlobal
