
Microsoft Visual Studio Solution File, Format Version 12.00
# Visual Studio Version 17
VisualStudioVersion = 17.11.35327.3
MinimumVisualStudioVersion = 10.0.40219.1
Project("{FAE04EC0-301F-11D3-BF4B-00C04F79EFBC}") = "Modul3Unite1", "Modul3Unite1\Modul3Unite1.csproj", "{CB67A1FF-E27D-498B-8AC7-D373AAD71A02}"
EndProject
Global
	GlobalSection(SolutionConfigurationPlatforms) = preSolution
		Debug|Any CPU = Debug|Any CPU
		Release|Any CPU = Release|Any CPU
	EndGlobalSection
	GlobalSection(ProjectConfigurationPlatforms) = postSolution
		{CB67A1FF-E27D-498B-8AC7-D373AAD71A02}.Debug|Any CPU.ActiveCfg = Debug|Any CPU
		{CB67A1FF-E27D-498B-8AC7-D373AAD71A02}.Debug|Any CPU.Build.0 = Debug|Any CPU
		{CB67A1FF-E27D-498B-8AC7-D373AAD71A02}.Release|Any CPU.ActiveCfg = Release|Any CPU
		{CB67A1FF-E27D-498B-8AC7-D373AAD71A02}.Release|Any CPU.Build.0 = Release|Any CPU
	EndGlobalSection
	GlobalSection(SolutionProperties) = preSolution
		HideSolutionNode = FALSE
	EndGlobalSection
	GlobalSection(ExtensibilityGlobals) = postSolution
		SolutionGuid = {CC816951-A64E-4918-921C-73A5BB0615B7}
	EndGlobalSection
EndGlobal
